
Microsoft Visual Studio Solution File, Format Version 12.00
# Visual Studio Version 17
VisualStudioVersion = 17.13.35818.85
MinimumVisualStudioVersion = 10.0.40219.1
Project("{2150E333-8FDC-42A3-9474-1A3956D46DE8}") = "src", "src", "{02EA681E-C7D8-13C7-8484-4AC65E1B71E8}"
EndProject
Project("{2150E333-8FDC-42A3-9474-1A3956D46DE8}") = "test", "test", "{ED3AF218-2D0D-44FC-8073-92E515EE94C7}"
EndProject
Project("{2150E333-8FDC-42A3-9474-1A3956D46DE8}") = "Domain", "Domain", "{2F84EB3D-AA61-4A9C-B565-68BBE87442DD}"
EndProject
Project("{FAE04EC0-301F-11D3-BF4B-00C04F79EFBC}") = "CMS.Domain", "CMS.Domain\CMS.Domain.csproj", "{B30AC0F9-8B86-45A2-870F-6BACC6E14D1D}"
EndProject
Project("{2150E333-8FDC-42A3-9474-1A3956D46DE8}") = "Application", "Application", "{13043847-17AE-4D47-BA16-D847ED72FB88}"
EndProject
Project("{FAE04EC0-301F-11D3-BF4B-00C04F79EFBC}") = "CMS.Command", "CMS.Command\CMS.Command.csproj", "{EECD0654-29BE-426E-8FAD-5824B8EF0D02}"
EndProject
Project("{FAE04EC0-301F-11D3-BF4B-00C04F79EFBC}") = "CMS.Query", "CMS.Query\CMS.Query.csproj", "{5438B272-7760-400E-864C-9DDAA1CFEA90}"
EndProject
Project("{2150E333-8FDC-42A3-9474-1A3956D46DE8}") = "Infrastructure", "Infrastructure", "{FAF450C5-0307-4483-852D-918E25F6CC38}"
EndProject
Project("{FAE04EC0-301F-11D3-BF4B-00C04F79EFBC}") = "CMS.Read.Dapper", "CMS.Read.Dapper\CMS.Read.Dapper.csproj", "{2C1C6C88-1789-40E6-814D-37AD1A43790D}"
EndProject
Project("{FAE04EC0-301F-11D3-BF4B-00C04F79EFBC}") = "CMS.Presistence.EF", "CMS.Presistence.EF\CMS.Presistence.EF.csproj", "{F45F69D3-12FF-4E74-9D35-DBAC61FC8749}"
EndProject
Project("{FAE04EC0-301F-11D3-BF4B-00C04F79EFBC}") = "CMS.WebHost", "CMS.WebHost\CMS.WebHost.csproj", "{6633F241-69DB-4D68-AD37-356CC596D0A0}"
EndProject
Project("{2150E333-8FDC-42A3-9474-1A3956D46DE8}") = "Presentation", "Presentation", "{188B8503-192D-4B78-A033-2B32FE198372}"
EndProject
Project("{FAE04EC0-301F-11D3-BF4B-00C04F79EFBC}") = "CMS.RestApi", "CMS.RestApi\CMS.RestApi.csproj", "{A99F9C5E-39E3-4D57-AEC2-38F22275E7C7}"
EndProject
Global
	GlobalSection(SolutionConfigurationPlatforms) = preSolution
		Debug|Any CPU = Debug|Any CPU
		Release|Any CPU = Release|Any CPU
	EndGlobalSection
	GlobalSection(ProjectConfigurationPlatforms) = postSolution
		{B30AC0F9-8B86-45A2-870F-6BACC6E14D1D}.Debug|Any CPU.ActiveCfg = Debug|Any CPU
		{B30AC0F9-8B86-45A2-870F-6BACC6E14D1D}.Debug|Any CPU.Build.0 = Debug|Any CPU
		{B30AC0F9-8B86-45A2-870F-6BACC6E14D1D}.Release|Any CPU.ActiveCfg = Release|Any CPU
		{B30AC0F9-8B86-45A2-870F-6BACC6E14D1D}.Release|Any CPU.Build.0 = Release|Any CPU
		{EECD0654-29BE-426E-8FAD-5824B8EF0D02}.Debug|Any CPU.ActiveCfg = Debug|Any CPU
		{EECD0654-29BE-426E-8FAD-5824B8EF0D02}.Debug|Any CPU.Build.0 = Debug|Any CPU
		{EECD0654-29BE-426E-8FAD-5824B8EF0D02}.Release|Any CPU.ActiveCfg = Release|Any CPU
		{EECD0654-29BE-426E-8FAD-5824B8EF0D02}.Release|Any CPU.Build.0 = Release|Any CPU
		{5438B272-7760-400E-864C-9DDAA1CFEA90}.Debug|Any CPU.ActiveCfg = Debug|Any CPU
		{5438B272-7760-400E-864C-9DDAA1CFEA90}.Debug|Any CPU.Build.0 = Debug|Any CPU
		{5438B272-7760-400E-864C-9DDAA1CFEA90}.Release|Any CPU.ActiveCfg = Release|Any CPU
		{5438B272-7760-400E-864C-9DDAA1CFEA90}.Release|Any CPU.Build.0 = Release|Any CPU
		{2C1C6C88-1789-40E6-814D-37AD1A43790D}.Debug|Any CPU.ActiveCfg = Debug|Any CPU
		{2C1C6C88-1789-40E6-814D-37AD1A43790D}.Debug|Any CPU.Build.0 = Debug|Any CPU
		{2C1C6C88-1789-40E6-814D-37AD1A43790D}.Release|Any CPU.ActiveCfg = Release|Any CPU
		{2C1C6C88-1789-40E6-814D-37AD1A43790D}.Release|Any CPU.Build.0 = Release|Any CPU
		{F45F69D3-12FF-4E74-9D35-DBAC61FC8749}.Debug|Any CPU.ActiveCfg = Debug|Any CPU
		{F45F69D3-12FF-4E74-9D35-DBAC61FC8749}.Debug|Any CPU.Build.0 = Debug|Any CPU
		{F45F69D3-12FF-4E74-9D35-DBAC61FC8749}.Release|Any CPU.ActiveCfg = Release|Any CPU
		{F45F69D3-12FF-4E74-9D35-DBAC61FC8749}.Release|Any CPU.Build.0 = Release|Any CPU
		{6633F241-69DB-4D68-AD37-356CC596D0A0}.Debug|Any CPU.ActiveCfg = Debug|Any CPU
		{6633F241-69DB-4D68-AD37-356CC596D0A0}.Debug|Any CPU.Build.0 = Debug|Any CPU
		{6633F241-69DB-4D68-AD37-356CC596D0A0}.Release|Any CPU.ActiveCfg = Release|Any CPU
		{6633F241-69DB-4D68-AD37-356CC596D0A0}.Release|Any CPU.Build.0 = Release|Any CPU
		{A99F9C5E-39E3-4D57-AEC2-38F22275E7C7}.Debug|Any CPU.ActiveCfg = Debug|Any CPU
		{A99F9C5E-39E3-4D57-AEC2-38F22275E7C7}.Debug|Any CPU.Build.0 = Debug|Any CPU
		{A99F9C5E-39E3-4D57-AEC2-38F22275E7C7}.Release|Any CPU.ActiveCfg = Release|Any CPU
		{A99F9C5E-39E3-4D57-AEC2-38F22275E7C7}.Release|Any CPU.Build.0 = Release|Any CPU
	EndGlobalSection
	GlobalSection(SolutionProperties) = preSolution
		HideSolutionNode = FALSE
	EndGlobalSection
	GlobalSection(NestedProjects) = preSolution
		{2F84EB3D-AA61-4A9C-B565-68BBE87442DD} = {02EA681E-C7D8-13C7-8484-4AC65E1B71E8}
		{B30AC0F9-8B86-45A2-870F-6BACC6E14D1D} = {2F84EB3D-AA61-4A9C-B565-68BBE87442DD}
		{13043847-17AE-4D47-BA16-D847ED72FB88} = {02EA681E-C7D8-13C7-8484-4AC65E1B71E8}
		{EECD0654-29BE-426E-8FAD-5824B8EF0D02} = {13043847-17AE-4D47-BA16-D847ED72FB88}
		{5438B272-7760-400E-864C-9DDAA1CFEA90} = {13043847-17AE-4D47-BA16-D847ED72FB88}
		{FAF450C5-0307-4483-852D-918E25F6CC38} = {02EA681E-C7D8-13C7-8484-4AC65E1B71E8}
		{2C1C6C88-1789-40E6-814D-37AD1A43790D} = {FAF450C5-0307-4483-852D-918E25F6CC38}
		{F45F69D3-12FF-4E74-9D35-DBAC61FC8749} = {FAF450C5-0307-4483-852D-918E25F6CC38}
		{6633F241-69DB-4D68-AD37-356CC596D0A0} = {02EA681E-C7D8-13C7-8484-4AC65E1B71E8}
		{188B8503-192D-4B78-A033-2B32FE198372} = {02EA681E-C7D8-13C7-8484-4AC65E1B71E8}
		{A99F9C5E-39E3-4D57-AEC2-38F22275E7C7} = {188B8503-192D-4B78-A033-2B32FE198372}
	EndGlobalSection
	GlobalSection(ExtensibilityGlobals) = postSolution
		SolutionGuid = {7EE13A52-5E00-414C-A281-B365F086149F}
	EndGlobalSection
EndGlobal
